// !$*UTF8*$!
{
	archiveVersion = 1;
	classes = {
	};
	objectVersion = 55;
	objects = {

/* Begin PBXBuildFile section */
		034617F62813FE8200BCF16F /* AppDelegate.swift in Sources */ = {isa = PBXBuildFile; fileRef = 034617F52813FE8200BCF16F /* AppDelegate.swift */; };
		034617F82813FE8300BCF16F /* SceneDelegate.swift in Sources */ = {isa = PBXBuildFile; fileRef = 034617F72813FE8300BCF16F /* SceneDelegate.swift */; };
		034617FA2813FE8300BCF16F /* ViewController.swift in Sources */ = {isa = PBXBuildFile; fileRef = 034617F92813FE8300BCF16F /* ViewController.swift */; };
		034617FD2813FE8400BCF16F /* Main.storyboard in Resources */ = {isa = PBXBuildFile; fileRef = 034617FB2813FE8400BCF16F /* Main.storyboard */; };
		034617FF2813FF4E00BCF16F /* Assets.xcassets in Resources */ = {isa = PBXBuildFile; fileRef = 034617FE2813FF4E00BCF16F /* Assets.xcassets */; };
		034618022813FF4F00BCF16F /* LaunchScreen.storyboard in Resources */ = {isa = PBXBuildFile; fileRef = 034618002813FF4F00BCF16F /* LaunchScreen.storyboard */; };
		0346180D2813FF5F00BCF16F /* Sakura_Sushi_Bar_AppTests.swift in Sources */ = {isa = PBXBuildFile; fileRef = 0346180C2813FF5F00BCF16F /* Sakura_Sushi_Bar_AppTests.swift */; };
		034618172813FF5F00BCF16F /* Sakura_Sushi_Bar_AppUITests.swift in Sources */ = {isa = PBXBuildFile; fileRef = 034618162813FF5F00BCF16F /* Sakura_Sushi_Bar_AppUITests.swift */; };
		034618192813FF5F00BCF16F /* Sakura_Sushi_Bar_AppUITestsLaunchTests.swift in Sources */ = {isa = PBXBuildFile; fileRef = 034618182813FF5F00BCF16F /* Sakura_Sushi_Bar_AppUITestsLaunchTests.swift */; };
		034618262814058500BCF16F /* logoWithText.png in Resources */ = {isa = PBXBuildFile; fileRef = 034618252814058400BCF16F /* logoWithText.png */; };
		034618272814058500BCF16F /* logoWithText.png in Resources */ = {isa = PBXBuildFile; fileRef = 034618252814058400BCF16F /* logoWithText.png */; };
		034618282814058500BCF16F /* logoWithText.png in Resources */ = {isa = PBXBuildFile; fileRef = 034618252814058400BCF16F /* logoWithText.png */; };
		0346182A2814088E00BCF16F /* PT_Serif in Resources */ = {isa = PBXBuildFile; fileRef = 034618292814088D00BCF16F /* PT_Serif */; };
		0346182B2814088E00BCF16F /* PT_Serif in Resources */ = {isa = PBXBuildFile; fileRef = 034618292814088D00BCF16F /* PT_Serif */; };
		0346182C2814088E00BCF16F /* PT_Serif in Resources */ = {isa = PBXBuildFile; fileRef = 034618292814088D00BCF16F /* PT_Serif */; };
		0346182E28140B9700BCF16F /* homeFlower.png in Resources */ = {isa = PBXBuildFile; fileRef = 0346182D28140B9700BCF16F /* homeFlower.png */; };
		0346182F28140B9700BCF16F /* homeFlower.png in Resources */ = {isa = PBXBuildFile; fileRef = 0346182D28140B9700BCF16F /* homeFlower.png */; };
		0346183028140B9700BCF16F /* homeFlower.png in Resources */ = {isa = PBXBuildFile; fileRef = 0346182D28140B9700BCF16F /* homeFlower.png */; };
		034618362814227900BCF16F /* Home Icon.png in Resources */ = {isa = PBXBuildFile; fileRef = 034618352814227900BCF16F /* Home Icon.png */; };
		034618372814227900BCF16F /* Home Icon.png in Resources */ = {isa = PBXBuildFile; fileRef = 034618352814227900BCF16F /* Home Icon.png */; };
		034618382814227900BCF16F /* Home Icon.png in Resources */ = {isa = PBXBuildFile; fileRef = 034618352814227900BCF16F /* Home Icon.png */; };
		0346183A2814227D00BCF16F /* Location Icon.png in Resources */ = {isa = PBXBuildFile; fileRef = 034618392814227D00BCF16F /* Location Icon.png */; };
		0346183B2814227D00BCF16F /* Location Icon.png in Resources */ = {isa = PBXBuildFile; fileRef = 034618392814227D00BCF16F /* Location Icon.png */; };
		0346183C2814227D00BCF16F /* Location Icon.png in Resources */ = {isa = PBXBuildFile; fileRef = 034618392814227D00BCF16F /* Location Icon.png */; };
		0346183E2814228100BCF16F /* menu.png in Resources */ = {isa = PBXBuildFile; fileRef = 0346183D2814228100BCF16F /* menu.png */; };
		0346183F2814228100BCF16F /* menu.png in Resources */ = {isa = PBXBuildFile; fileRef = 0346183D2814228100BCF16F /* menu.png */; };
		034618402814228100BCF16F /* menu.png in Resources */ = {isa = PBXBuildFile; fileRef = 0346183D2814228100BCF16F /* menu.png */; };
		034618422814228500BCF16F /* other.png in Resources */ = {isa = PBXBuildFile; fileRef = 034618412814228400BCF16F /* other.png */; };
		034618432814228500BCF16F /* other.png in Resources */ = {isa = PBXBuildFile; fileRef = 034618412814228400BCF16F /* other.png */; };
		034618442814228500BCF16F /* other.png in Resources */ = {isa = PBXBuildFile; fileRef = 034618412814228400BCF16F /* other.png */; };
/* End PBXBuildFile section */

/* Begin PBXContainerItemProxy section */
		034618092813FF5F00BCF16F /* PBXContainerItemProxy */ = {
			isa = PBXContainerItemProxy;
			containerPortal = 034617EA2813FE8000BCF16F /* Project object */;
			proxyType = 1;
			remoteGlobalIDString = 034617F12813FE8100BCF16F;
			remoteInfo = "Sakura Sushi Bar App";
		};
		034618132813FF5F00BCF16F /* PBXContainerItemProxy */ = {
			isa = PBXContainerItemProxy;
			containerPortal = 034617EA2813FE8000BCF16F /* Project object */;
			proxyType = 1;
			remoteGlobalIDString = 034617F12813FE8100BCF16F;
			remoteInfo = "Sakura Sushi Bar App";
		};
/* End PBXContainerItemProxy section */

/* Begin PBXFileReference section */
		034617F22813FE8200BCF16F /* Sakura Sushi Bar App.app */ = {isa = PBXFileReference; explicitFileType = wrapper.application; includeInIndex = 0; path = "Sakura Sushi Bar App.app"; sourceTree = BUILT_PRODUCTS_DIR; };
		034617F52813FE8200BCF16F /* AppDelegate.swift */ = {isa = PBXFileReference; lastKnownFileType = sourcecode.swift; path = AppDelegate.swift; sourceTree = "<group>"; };
		034617F72813FE8300BCF16F /* SceneDelegate.swift */ = {isa = PBXFileReference; lastKnownFileType = sourcecode.swift; path = SceneDelegate.swift; sourceTree = "<group>"; };
		034617F92813FE8300BCF16F /* ViewController.swift */ = {isa = PBXFileReference; lastKnownFileType = sourcecode.swift; path = ViewController.swift; sourceTree = "<group>"; };
		034617FC2813FE8400BCF16F /* Base */ = {isa = PBXFileReference; lastKnownFileType = file.storyboard; name = Base; path = Base.lproj/Main.storyboard; sourceTree = "<group>"; };
		034617FE2813FF4E00BCF16F /* Assets.xcassets */ = {isa = PBXFileReference; lastKnownFileType = folder.assetcatalog; path = Assets.xcassets; sourceTree = "<group>"; };
		034618012813FF4F00BCF16F /* Base */ = {isa = PBXFileReference; lastKnownFileType = file.storyboard; name = Base; path = Base.lproj/LaunchScreen.storyboard; sourceTree = "<group>"; };
		034618032813FF4F00BCF16F /* Info.plist */ = {isa = PBXFileReference; lastKnownFileType = text.plist.xml; path = Info.plist; sourceTree = "<group>"; };
		034618082813FF5F00BCF16F /* Sakura Sushi Bar AppTests.xctest */ = {isa = PBXFileReference; explicitFileType = wrapper.cfbundle; includeInIndex = 0; path = "Sakura Sushi Bar AppTests.xctest"; sourceTree = BUILT_PRODUCTS_DIR; };
		0346180C2813FF5F00BCF16F /* Sakura_Sushi_Bar_AppTests.swift */ = {isa = PBXFileReference; lastKnownFileType = sourcecode.swift; path = Sakura_Sushi_Bar_AppTests.swift; sourceTree = "<group>"; };
		034618122813FF5F00BCF16F /* Sakura Sushi Bar AppUITests.xctest */ = {isa = PBXFileReference; explicitFileType = wrapper.cfbundle; includeInIndex = 0; path = "Sakura Sushi Bar AppUITests.xctest"; sourceTree = BUILT_PRODUCTS_DIR; };
		034618162813FF5F00BCF16F /* Sakura_Sushi_Bar_AppUITests.swift */ = {isa = PBXFileReference; lastKnownFileType = sourcecode.swift; path = Sakura_Sushi_Bar_AppUITests.swift; sourceTree = "<group>"; };
		034618182813FF5F00BCF16F /* Sakura_Sushi_Bar_AppUITestsLaunchTests.swift */ = {isa = PBXFileReference; lastKnownFileType = sourcecode.swift; path = Sakura_Sushi_Bar_AppUITestsLaunchTests.swift; sourceTree = "<group>"; };
		034618252814058400BCF16F /* logoWithText.png */ = {isa = PBXFileReference; lastKnownFileType = image.png; name = logoWithText.png; path = Assets.xcassets/logoWithText.png; sourceTree = "<group>"; };
		034618292814088D00BCF16F /* PT_Serif */ = {isa = PBXFileReference; lastKnownFileType = folder; path = PT_Serif; sourceTree = "<group>"; };
		0346182D28140B9700BCF16F /* homeFlower.png */ = {isa = PBXFileReference; lastKnownFileType = image.png; path = homeFlower.png; sourceTree = "<group>"; };
		034618352814227900BCF16F /* Home Icon.png */ = {isa = PBXFileReference; lastKnownFileType = image.png; path = "Home Icon.png"; sourceTree = "<group>"; };
		034618392814227D00BCF16F /* Location Icon.png */ = {isa = PBXFileReference; lastKnownFileType = image.png; path = "Location Icon.png"; sourceTree = "<group>"; };
		0346183D2814228100BCF16F /* menu.png */ = {isa = PBXFileReference; lastKnownFileType = image.png; path = menu.png; sourceTree = "<group>"; };
		034618412814228400BCF16F /* other.png */ = {isa = PBXFileReference; lastKnownFileType = image.png; path = other.png; sourceTree = "<group>"; };
/* End PBXFileReference section */

/* Begin PBXFrameworksBuildPhase section */
		034617EF2813FE8100BCF16F /* Frameworks */ = {
			isa = PBXFrameworksBuildPhase;
			buildActionMask = 2147483647;
			files = (
			);
			runOnlyForDeploymentPostprocessing = 0;
		};
		034618052813FF5F00BCF16F /* Frameworks */ = {
			isa = PBXFrameworksBuildPhase;
			buildActionMask = 2147483647;
			files = (
			);
			runOnlyForDeploymentPostprocessing = 0;
		};
		0346180F2813FF5F00BCF16F /* Frameworks */ = {
			isa = PBXFrameworksBuildPhase;
			buildActionMask = 2147483647;
			files = (
			);
			runOnlyForDeploymentPostprocessing = 0;
		};
/* End PBXFrameworksBuildPhase section */

/* Begin PBXGroup section */
		034617E92813FE8000BCF16F = {
			isa = PBXGroup;
			children = (
				034617F42813FE8200BCF16F /* Sakura Sushi Bar App */,
				0346180B2813FF5F00BCF16F /* Sakura Sushi Bar AppTests */,
				034618152813FF5F00BCF16F /* Sakura Sushi Bar AppUITests */,
				034617F32813FE8200BCF16F /* Products */,
			);
			sourceTree = "<group>";
		};
		034617F32813FE8200BCF16F /* Products */ = {
			isa = PBXGroup;
			children = (
				034617F22813FE8200BCF16F /* Sakura Sushi Bar App.app */,
				034618082813FF5F00BCF16F /* Sakura Sushi Bar AppTests.xctest */,
				034618122813FF5F00BCF16F /* Sakura Sushi Bar AppUITests.xctest */,
			);
			name = Products;
			sourceTree = "<group>";
		};
		034617F42813FE8200BCF16F /* Sakura Sushi Bar App */ = {
			isa = PBXGroup;
			children = (
				034617F52813FE8200BCF16F /* AppDelegate.swift */,
				034617F72813FE8300BCF16F /* SceneDelegate.swift */,
				034617F92813FE8300BCF16F /* ViewController.swift */,
				034617FB2813FE8400BCF16F /* Main.storyboard */,
				0346182D28140B9700BCF16F /* homeFlower.png */,
				034618352814227900BCF16F /* Home Icon.png */,
				034618392814227D00BCF16F /* Location Icon.png */,
				0346183D2814228100BCF16F /* menu.png */,
				034618412814228400BCF16F /* other.png */,
				034618252814058400BCF16F /* logoWithText.png */,
				034618292814088D00BCF16F /* PT_Serif */,
				034617FE2813FF4E00BCF16F /* Assets.xcassets */,
				034618002813FF4F00BCF16F /* LaunchScreen.storyboard */,
				034618032813FF4F00BCF16F /* Info.plist */,
			);
			path = "Sakura Sushi Bar App";
			sourceTree = "<group>";
		};
		0346180B2813FF5F00BCF16F /* Sakura Sushi Bar AppTests */ = {
			isa = PBXGroup;
			children = (
				0346180C2813FF5F00BCF16F /* Sakura_Sushi_Bar_AppTests.swift */,
			);
			path = "Sakura Sushi Bar AppTests";
			sourceTree = "<group>";
		};
		034618152813FF5F00BCF16F /* Sakura Sushi Bar AppUITests */ = {
			isa = PBXGroup;
			children = (
				034618162813FF5F00BCF16F /* Sakura_Sushi_Bar_AppUITests.swift */,
				034618182813FF5F00BCF16F /* Sakura_Sushi_Bar_AppUITestsLaunchTests.swift */,
			);
			path = "Sakura Sushi Bar AppUITests";
			sourceTree = "<group>";
		};
/* End PBXGroup section */

/* Begin PBXNativeTarget section */
		034617F12813FE8100BCF16F /* Sakura Sushi Bar App */ = {
			isa = PBXNativeTarget;
			buildConfigurationList = 0346181C2813FF5F00BCF16F /* Build configuration list for PBXNativeTarget "Sakura Sushi Bar App" */;
			buildPhases = (
				034617EE2813FE8100BCF16F /* Sources */,
				034617EF2813FE8100BCF16F /* Frameworks */,
				034617F02813FE8100BCF16F /* Resources */,
			);
			buildRules = (
			);
			dependencies = (
			);
			name = "Sakura Sushi Bar App";
			productName = "Sakura Sushi Bar App";
			productReference = 034617F22813FE8200BCF16F /* Sakura Sushi Bar App.app */;
			productType = "com.apple.product-type.application";
		};
		034618072813FF5F00BCF16F /* Sakura Sushi Bar AppTests */ = {
			isa = PBXNativeTarget;
			buildConfigurationList = 0346181F2813FF5F00BCF16F /* Build configuration list for PBXNativeTarget "Sakura Sushi Bar AppTests" */;
			buildPhases = (
				034618042813FF5F00BCF16F /* Sources */,
				034618052813FF5F00BCF16F /* Frameworks */,
				034618062813FF5F00BCF16F /* Resources */,
			);
			buildRules = (
			);
			dependencies = (
				0346180A2813FF5F00BCF16F /* PBXTargetDependency */,
			);
			name = "Sakura Sushi Bar AppTests";
			productName = "Sakura Sushi Bar AppTests";
			productReference = 034618082813FF5F00BCF16F /* Sakura Sushi Bar AppTests.xctest */;
			productType = "com.apple.product-type.bundle.unit-test";
		};
		034618112813FF5F00BCF16F /* Sakura Sushi Bar AppUITests */ = {
			isa = PBXNativeTarget;
			buildConfigurationList = 034618222813FF5F00BCF16F /* Build configuration list for PBXNativeTarget "Sakura Sushi Bar AppUITests" */;
			buildPhases = (
				0346180E2813FF5F00BCF16F /* Sources */,
				0346180F2813FF5F00BCF16F /* Frameworks */,
				034618102813FF5F00BCF16F /* Resources */,
			);
			buildRules = (
			);
			dependencies = (
				034618142813FF5F00BCF16F /* PBXTargetDependency */,
			);
			name = "Sakura Sushi Bar AppUITests";
			productName = "Sakura Sushi Bar AppUITests";
			productReference = 034618122813FF5F00BCF16F /* Sakura Sushi Bar AppUITests.xctest */;
			productType = "com.apple.product-type.bundle.ui-testing";
		};
/* End PBXNativeTarget section */

/* Begin PBXProject section */
		034617EA2813FE8000BCF16F /* Project object */ = {
			isa = PBXProject;
			attributes = {
				BuildIndependentTargetsInParallel = 1;
				LastSwiftUpdateCheck = 1330;
				LastUpgradeCheck = 1330;
				TargetAttributes = {
					034617F12813FE8100BCF16F = {
						CreatedOnToolsVersion = 13.3.1;
					};
					034618072813FF5F00BCF16F = {
						CreatedOnToolsVersion = 13.3.1;
						TestTargetID = 034617F12813FE8100BCF16F;
					};
					034618112813FF5F00BCF16F = {
						CreatedOnToolsVersion = 13.3.1;
						TestTargetID = 034617F12813FE8100BCF16F;
					};
				};
			};
			buildConfigurationList = 034617ED2813FE8000BCF16F /* Build configuration list for PBXProject "Sakura Sushi Bar App" */;
			compatibilityVersion = "Xcode 13.0";
			developmentRegion = en;
			hasScannedForEncodings = 0;
			knownRegions = (
				en,
				Base,
			);
			mainGroup = 034617E92813FE8000BCF16F;
			productRefGroup = 034617F32813FE8200BCF16F /* Products */;
			projectDirPath = "";
			projectRoot = "";
			targets = (
				034617F12813FE8100BCF16F /* Sakura Sushi Bar App */,
				034618072813FF5F00BCF16F /* Sakura Sushi Bar AppTests */,
				034618112813FF5F00BCF16F /* Sakura Sushi Bar AppUITests */,
			);
		};
/* End PBXProject section */

/* Begin PBXResourcesBuildPhase section */
		034617F02813FE8100BCF16F /* Resources */ = {
			isa = PBXResourcesBuildPhase;
			buildActionMask = 2147483647;
			files = (
				034618022813FF4F00BCF16F /* LaunchScreen.storyboard in Resources */,
				0346182E28140B9700BCF16F /* homeFlower.png in Resources */,
				034618362814227900BCF16F /* Home Icon.png in Resources */,
				0346182A2814088E00BCF16F /* PT_Serif in Resources */,
				034618262814058500BCF16F /* logoWithText.png in Resources */,
				0346183E2814228100BCF16F /* menu.png in Resources */,
				034617FF2813FF4E00BCF16F /* Assets.xcassets in Resources */,
				034617FD2813FE8400BCF16F /* Main.storyboard in Resources */,
				0346183A2814227D00BCF16F /* Location Icon.png in Resources */,
				034618422814228500BCF16F /* other.png in Resources */,
			);
			runOnlyForDeploymentPostprocessing = 0;
		};
		034618062813FF5F00BCF16F /* Resources */ = {
			isa = PBXResourcesBuildPhase;
			buildActionMask = 2147483647;
			files = (
				0346182B2814088E00BCF16F /* PT_Serif in Resources */,
				0346183B2814227D00BCF16F /* Location Icon.png in Resources */,
				034618372814227900BCF16F /* Home Icon.png in Resources */,
				0346183F2814228100BCF16F /* menu.png in Resources */,
				0346182F28140B9700BCF16F /* homeFlower.png in Resources */,
				034618432814228500BCF16F /* other.png in Resources */,
				034618272814058500BCF16F /* logoWithText.png in Resources */,
			);
			runOnlyForDeploymentPostprocessing = 0;
		};
		034618102813FF5F00BCF16F /* Resources */ = {
			isa = PBXResourcesBuildPhase;
			buildActionMask = 2147483647;
			files = (
				0346182C2814088E00BCF16F /* PT_Serif in Resources */,
				0346183C2814227D00BCF16F /* Location Icon.png in Resources */,
				034618382814227900BCF16F /* Home Icon.png in Resources */,
				034618402814228100BCF16F /* menu.png in Resources */,
				0346183028140B9700BCF16F /* homeFlower.png in Resources */,
				034618442814228500BCF16F /* other.png in Resources */,
				034618282814058500BCF16F /* logoWithText.png in Resources */,
			);
			runOnlyForDeploymentPostprocessing = 0;
		};
/* End PBXResourcesBuildPhase section */

/* Begin PBXSourcesBuildPhase section */
		034617EE2813FE8100BCF16F /* Sources */ = {
			isa = PBXSourcesBuildPhase;
			buildActionMask = 2147483647;
			files = (
				034617FA2813FE8300BCF16F /* ViewController.swift in Sources */,
				034617F62813FE8200BCF16F /* AppDelegate.swift in Sources */,
				034617F82813FE8300BCF16F /* SceneDelegate.swift in Sources */,
			);
			runOnlyForDeploymentPostprocessing = 0;
		};
		034618042813FF5F00BCF16F /* Sources */ = {
			isa = PBXSourcesBuildPhase;
			buildActionMask = 2147483647;
			files = (
				0346180D2813FF5F00BCF16F /* Sakura_Sushi_Bar_AppTests.swift in Sources */,
			);
			runOnlyForDeploymentPostprocessing = 0;
		};
		0346180E2813FF5F00BCF16F /* Sources */ = {
			isa = PBXSourcesBuildPhase;
			buildActionMask = 2147483647;
			files = (
				034618192813FF5F00BCF16F /* Sakura_Sushi_Bar_AppUITestsLaunchTests.swift in Sources */,
				034618172813FF5F00BCF16F /* Sakura_Sushi_Bar_AppUITests.swift in Sources */,
			);
			runOnlyForDeploymentPostprocessing = 0;
		};
/* End PBXSourcesBuildPhase section */

/* Begin PBXTargetDependency section */
		0346180A2813FF5F00BCF16F /* PBXTargetDependency */ = {
			isa = PBXTargetDependency;
			target = 034617F12813FE8100BCF16F /* Sakura Sushi Bar App */;
			targetProxy = 034618092813FF5F00BCF16F /* PBXContainerItemProxy */;
		};
		034618142813FF5F00BCF16F /* PBXTargetDependency */ = {
			isa = PBXTargetDependency;
			target = 034617F12813FE8100BCF16F /* Sakura Sushi Bar App */;
			targetProxy = 034618132813FF5F00BCF16F /* PBXContainerItemProxy */;
		};
/* End PBXTargetDependency section */

/* Begin PBXVariantGroup section */
		034617FB2813FE8400BCF16F /* Main.storyboard */ = {
			isa = PBXVariantGroup;
			children = (
				034617FC2813FE8400BCF16F /* Base */,
			);
			name = Main.storyboard;
			sourceTree = "<group>";
		};
		034618002813FF4F00BCF16F /* LaunchScreen.storyboard */ = {
			isa = PBXVariantGroup;
			children = (
				034618012813FF4F00BCF16F /* Base */,
			);
			name = LaunchScreen.storyboard;
			sourceTree = "<group>";
		};
/* End PBXVariantGroup section */

/* Begin XCBuildConfiguration section */
		0346181A2813FF5F00BCF16F /* Debug */ = {
			isa = XCBuildConfiguration;
			buildSettings = {
				ALWAYS_SEARCH_USER_PATHS = NO;
				CLANG_ANALYZER_NONNULL = YES;
				CLANG_ANALYZER_NUMBER_OBJECT_CONVERSION = YES_AGGRESSIVE;
				CLANG_CXX_LANGUAGE_STANDARD = "gnu++17";
				CLANG_ENABLE_MODULES = YES;
				CLANG_ENABLE_OBJC_ARC = YES;
				CLANG_ENABLE_OBJC_WEAK = YES;
				CLANG_WARN_BLOCK_CAPTURE_AUTORELEASING = YES;
				CLANG_WARN_BOOL_CONVERSION = YES;
				CLANG_WARN_COMMA = YES;
				CLANG_WARN_CONSTANT_CONVERSION = YES;
				CLANG_WARN_DEPRECATED_OBJC_IMPLEMENTATIONS = YES;
				CLANG_WARN_DIRECT_OBJC_ISA_USAGE = YES_ERROR;
				CLANG_WARN_DOCUMENTATION_COMMENTS = YES;
				CLANG_WARN_EMPTY_BODY = YES;
				CLANG_WARN_ENUM_CONVERSION = YES;
				CLANG_WARN_INFINITE_RECURSION = YES;
				CLANG_WARN_INT_CONVERSION = YES;
				CLANG_WARN_NON_LITERAL_NULL_CONVERSION = YES;
				CLANG_WARN_OBJC_IMPLICIT_RETAIN_SELF = YES;
				CLANG_WARN_OBJC_LITERAL_CONVERSION = YES;
				CLANG_WARN_OBJC_ROOT_CLASS = YES_ERROR;
				CLANG_WARN_QUOTED_INCLUDE_IN_FRAMEWORK_HEADER = YES;
				CLANG_WARN_RANGE_LOOP_ANALYSIS = YES;
				CLANG_WARN_STRICT_PROTOTYPES = YES;
				CLANG_WARN_SUSPICIOUS_MOVE = YES;
				CLANG_WARN_UNGUARDED_AVAILABILITY = YES_AGGRESSIVE;
				CLANG_WARN_UNREACHABLE_CODE = YES;
				CLANG_WARN__DUPLICATE_METHOD_MATCH = YES;
				COPY_PHASE_STRIP = NO;
				DEBUG_INFORMATION_FORMAT = dwarf;
				ENABLE_STRICT_OBJC_MSGSEND = YES;
				ENABLE_TESTABILITY = YES;
				GCC_C_LANGUAGE_STANDARD = gnu11;
				GCC_DYNAMIC_NO_PIC = NO;
				GCC_NO_COMMON_BLOCKS = YES;
				GCC_OPTIMIZATION_LEVEL = 0;
				GCC_PREPROCESSOR_DEFINITIONS = (
					"DEBUG=1",
					"$(inherited)",
				);
				GCC_WARN_64_TO_32_BIT_CONVERSION = YES;
				GCC_WARN_ABOUT_RETURN_TYPE = YES_ERROR;
				GCC_WARN_UNDECLARED_SELECTOR = YES;
				GCC_WARN_UNINITIALIZED_AUTOS = YES_AGGRESSIVE;
				GCC_WARN_UNUSED_FUNCTION = YES;
				GCC_WARN_UNUSED_VARIABLE = YES;
				IPHONEOS_DEPLOYMENT_TARGET = 15.4;
				MTL_ENABLE_DEBUG_INFO = INCLUDE_SOURCE;
				MTL_FAST_MATH = YES;
				ONLY_ACTIVE_ARCH = YES;
				SDKROOT = iphoneos;
				SWIFT_ACTIVE_COMPILATION_CONDITIONS = DEBUG;
				SWIFT_OPTIMIZATION_LEVEL = "-Onone";
			};
			name = Debug;
		};
		0346181B2813FF5F00BCF16F /* Release */ = {
			isa = XCBuildConfiguration;
			buildSettings = {
				ALWAYS_SEARCH_USER_PATHS = NO;
				CLANG_ANALYZER_NONNULL = YES;
				CLANG_ANALYZER_NUMBER_OBJECT_CONVERSION = YES_AGGRESSIVE;
				CLANG_CXX_LANGUAGE_STANDARD = "gnu++17";
				CLANG_ENABLE_MODULES = YES;
				CLANG_ENABLE_OBJC_ARC = YES;
				CLANG_ENABLE_OBJC_WEAK = YES;
				CLANG_WARN_BLOCK_CAPTURE_AUTORELEASING = YES;
				CLANG_WARN_BOOL_CONVERSION = YES;
				CLANG_WARN_COMMA = YES;
				CLANG_WARN_CONSTANT_CONVERSION = YES;
				CLANG_WARN_DEPRECATED_OBJC_IMPLEMENTATIONS = YES;
				CLANG_WARN_DIRECT_OBJC_ISA_USAGE = YES_ERROR;
				CLANG_WARN_DOCUMENTATION_COMMENTS = YES;
				CLANG_WARN_EMPTY_BODY = YES;
				CLANG_WARN_ENUM_CONVERSION = YES;
				CLANG_WARN_INFINITE_RECURSION = YES;
				CLANG_WARN_INT_CONVERSION = YES;
				CLANG_WARN_NON_LITERAL_NULL_CONVERSION = YES;
				CLANG_WARN_OBJC_IMPLICIT_RETAIN_SELF = YES;
				CLANG_WARN_OBJC_LITERAL_CONVERSION = YES;
				CLANG_WARN_OBJC_ROOT_CLASS = YES_ERROR;
				CLANG_WARN_QUOTED_INCLUDE_IN_FRAMEWORK_HEADER = YES;
				CLANG_WARN_RANGE_LOOP_ANALYSIS = YES;
				CLANG_WARN_STRICT_PROTOTYPES = YES;
				CLANG_WARN_SUSPICIOUS_MOVE = YES;
				CLANG_WARN_UNGUARDED_AVAILABILITY = YES_AGGRESSIVE;
				CLANG_WARN_UNREACHABLE_CODE = YES;
				CLANG_WARN__DUPLICATE_METHOD_MATCH = YES;
				COPY_PHASE_STRIP = NO;
				DEBUG_INFORMATION_FORMAT = "dwarf-with-dsym";
				ENABLE_NS_ASSERTIONS = NO;
				ENABLE_STRICT_OBJC_MSGSEND = YES;
				GCC_C_LANGUAGE_STANDARD = gnu11;
				GCC_NO_COMMON_BLOCKS = YES;
				GCC_WARN_64_TO_32_BIT_CONVERSION = YES;
				GCC_WARN_ABOUT_RETURN_TYPE = YES_ERROR;
				GCC_WARN_UNDECLARED_SELECTOR = YES;
				GCC_WARN_UNINITIALIZED_AUTOS = YES_AGGRESSIVE;
				GCC_WARN_UNUSED_FUNCTION = YES;
				GCC_WARN_UNUSED_VARIABLE = YES;
				IPHONEOS_DEPLOYMENT_TARGET = 15.4;
				MTL_ENABLE_DEBUG_INFO = NO;
				MTL_FAST_MATH = YES;
				SDKROOT = iphoneos;
				SWIFT_COMPILATION_MODE = wholemodule;
				SWIFT_OPTIMIZATION_LEVEL = "-O";
				VALIDATE_PRODUCT = YES;
			};
			name = Release;
		};
		0346181D2813FF5F00BCF16F /* Debug */ = {
			isa = XCBuildConfiguration;
			buildSettings = {
				ASSETCATALOG_COMPILER_APPICON_NAME = AppIcon;
				ASSETCATALOG_COMPILER_GLOBAL_ACCENT_COLOR_NAME = AccentColor;
				CODE_SIGN_STYLE = Automatic;
				CURRENT_PROJECT_VERSION = 1;
				DEVELOPMENT_TEAM = JG9KLKQU99;
				GENERATE_INFOPLIST_FILE = YES;
				INFOPLIST_FILE = "Sakura Sushi Bar App/Info.plist";
				INFOPLIST_KEY_UIApplicationSupportsIndirectInputEvents = YES;
				INFOPLIST_KEY_UILaunchStoryboardName = LaunchScreen;
				INFOPLIST_KEY_UIMainStoryboardFile = Main;
				INFOPLIST_KEY_UISupportedInterfaceOrientations_iPad = "UIInterfaceOrientationPortrait UIInterfaceOrientationPortraitUpsideDown UIInterfaceOrientationLandscapeLeft UIInterfaceOrientationLandscapeRight";
				INFOPLIST_KEY_UISupportedInterfaceOrientations_iPhone = "UIInterfaceOrientationPortrait UIInterfaceOrientationLandscapeLeft UIInterfaceOrientationLandscapeRight";
				LD_RUNPATH_SEARCH_PATHS = (
					"$(inherited)",
					"@executable_path/Frameworks",
				);
				MARKETING_VERSION = 1.0;
				PRODUCT_BUNDLE_IDENTIFIER = "private.Sakura-Sushi-Bar-App";
				PRODUCT_NAME = "$(TARGET_NAME)";
				SWIFT_EMIT_LOC_STRINGS = YES;
				SWIFT_VERSION = 5.0;
				TARGETED_DEVICE_FAMILY = "1,2";
			};
			name = Debug;
		};
		0346181E2813FF5F00BCF16F /* Release */ = {
			isa = XCBuildConfiguration;
			buildSettings = {
				ASSETCATALOG_COMPILER_APPICON_NAME = AppIcon;
				ASSETCATALOG_COMPILER_GLOBAL_ACCENT_COLOR_NAME = AccentColor;
				CODE_SIGN_STYLE = Automatic;
				CURRENT_PROJECT_VERSION = 1;
				DEVELOPMENT_TEAM = JG9KLKQU99;
				GENERATE_INFOPLIST_FILE = YES;
				INFOPLIST_FILE = "Sakura Sushi Bar App/Info.plist";
				INFOPLIST_KEY_UIApplicationSupportsIndirectInputEvents = YES;
				INFOPLIST_KEY_UILaunchStoryboardName = LaunchScreen;
				INFOPLIST_KEY_UIMainStoryboardFile = Main;
				INFOPLIST_KEY_UISupportedInterfaceOrientations_iPad = "UIInterfaceOrientationPortrait UIInterfaceOrientationPortraitUpsideDown UIInterfaceOrientationLandscapeLeft UIInterfaceOrientationLandscapeRight";
				INFOPLIST_KEY_UISupportedInterfaceOrientations_iPhone = "UIInterfaceOrientationPortrait UIInterfaceOrientationLandscapeLeft UIInterfaceOrientationLandscapeRight";
				LD_RUNPATH_SEARCH_PATHS = (
					"$(inherited)",
					"@executable_path/Frameworks",
				);
				MARKETING_VERSION = 1.0;
				PRODUCT_BUNDLE_IDENTIFIER = "private.Sakura-Sushi-Bar-App";
				PRODUCT_NAME = "$(TARGET_NAME)";
				SWIFT_EMIT_LOC_STRINGS = YES;
				SWIFT_VERSION = 5.0;
				TARGETED_DEVICE_FAMILY = "1,2";
			};
			name = Release;
		};
		034618202813FF5F00BCF16F /* Debug */ = {
			isa = XCBuildConfiguration;
			buildSettings = {
				ALWAYS_EMBED_SWIFT_STANDARD_LIBRARIES = YES;
				BUNDLE_LOADER = "$(TEST_HOST)";
				CODE_SIGN_STYLE = Automatic;
				CURRENT_PROJECT_VERSION = 1;
				DEVELOPMENT_TEAM = JG9KLKQU99;
				GENERATE_INFOPLIST_FILE = YES;
				IPHONEOS_DEPLOYMENT_TARGET = 15.4;
				MARKETING_VERSION = 1.0;
				PRODUCT_BUNDLE_IDENTIFIER = "private.Sakura-Sushi-Bar-AppTests";
				PRODUCT_NAME = "$(TARGET_NAME)";
				SWIFT_EMIT_LOC_STRINGS = NO;
				SWIFT_VERSION = 5.0;
				TARGETED_DEVICE_FAMILY = "1,2";
				TEST_HOST = "$(BUILT_PRODUCTS_DIR)/Sakura Sushi Bar App.app/Sakura Sushi Bar App";
			};
			name = Debug;
		};
		034618212813FF5F00BCF16F /* Release */ = {
			isa = XCBuildConfiguration;
			buildSettings = {
				ALWAYS_EMBED_SWIFT_STANDARD_LIBRARIES = YES;
				BUNDLE_LOADER = "$(TEST_HOST)";
				CODE_SIGN_STYLE = Automatic;
				CURRENT_PROJECT_VERSION = 1;
				DEVELOPMENT_TEAM = JG9KLKQU99;
				GENERATE_INFOPLIST_FILE = YES;
				IPHONEOS_DEPLOYMENT_TARGET = 15.4;
				MARKETING_VERSION = 1.0;
				PRODUCT_BUNDLE_IDENTIFIER = "private.Sakura-Sushi-Bar-AppTests";
				PRODUCT_NAME = "$(TARGET_NAME)";
				SWIFT_EMIT_LOC_STRINGS = NO;
				SWIFT_VERSION = 5.0;
				TARGETED_DEVICE_FAMILY = "1,2";
				TEST_HOST = "$(BUILT_PRODUCTS_DIR)/Sakura Sushi Bar App.app/Sakura Sushi Bar App";
			};
			name = Release;
		};
		034618232813FF5F00BCF16F /* Debug */ = {
			isa = XCBuildConfiguration;
			buildSettings = {
				ALWAYS_EMBED_SWIFT_STANDARD_LIBRARIES = YES;
				CODE_SIGN_STYLE = Automatic;
				CURRENT_PROJECT_VERSION = 1;
				DEVELOPMENT_TEAM = JG9KLKQU99;
				GENERATE_INFOPLIST_FILE = YES;
				MARKETING_VERSION = 1.0;
				PRODUCT_BUNDLE_IDENTIFIER = "private.Sakura-Sushi-Bar-AppUITests";
				PRODUCT_NAME = "$(TARGET_NAME)";
				SWIFT_EMIT_LOC_STRINGS = NO;
				SWIFT_VERSION = 5.0;
				TARGETED_DEVICE_FAMILY = "1,2";
				TEST_TARGET_NAME = "Sakura Sushi Bar App";
			};
			name = Debug;
		};
		034618242813FF5F00BCF16F /* Release */ = {
			isa = XCBuildConfiguration;
			buildSettings = {
				ALWAYS_EMBED_SWIFT_STANDARD_LIBRARIES = YES;
				CODE_SIGN_STYLE = Automatic;
				CURRENT_PROJECT_VERSION = 1;
				DEVELOPMENT_TEAM = JG9KLKQU99;
				GENERATE_INFOPLIST_FILE = YES;
				MARKETING_VERSION = 1.0;
				PRODUCT_BUNDLE_IDENTIFIER = "private.Sakura-Sushi-Bar-AppUITests";
				PRODUCT_NAME = "$(TARGET_NAME)";
				SWIFT_EMIT_LOC_STRINGS = NO;
				SWIFT_VERSION = 5.0;
				TARGETED_DEVICE_FAMILY = "1,2";
				TEST_TARGET_NAME = "Sakura Sushi Bar App";
			};
			name = Release;
		};
/* End XCBuildConfiguration section */

/* Begin XCConfigurationList section */
		034617ED2813FE8000BCF16F /* Build configuration list for PBXProject "Sakura Sushi Bar App" */ = {
			isa = XCConfigurationList;
			buildConfigurations = (
				0346181A2813FF5F00BCF16F /* Debug */,
				0346181B2813FF5F00BCF16F /* Release */,
			);
			defaultConfigurationIsVisible = 0;
			defaultConfigurationName = Release;
		};
		0346181C2813FF5F00BCF16F /* Build configuration list for PBXNativeTarget "Sakura Sushi Bar App" */ = {
			isa = XCConfigurationList;
			buildConfigurations = (
				0346181D2813FF5F00BCF16F /* Debug */,
				0346181E2813FF5F00BCF16F /* Release */,
			);
			defaultConfigurationIsVisible = 0;
			defaultConfigurationName = Release;
		};
		0346181F2813FF5F00BCF16F /* Build configuration list for PBXNativeTarget "Sakura Sushi Bar AppTests" */ = {
			isa = XCConfigurationList;
			buildConfigurations = (
				034618202813FF5F00BCF16F /* Debug */,
				034618212813FF5F00BCF16F /* Release */,
			);
			defaultConfigurationIsVisible = 0;
			defaultConfigurationName = Release;
		};
		034618222813FF5F00BCF16F /* Build configuration list for PBXNativeTarget "Sakura Sushi Bar AppUITests" */ = {
			isa = XCConfigurationList;
			buildConfigurations = (
				034618232813FF5F00BCF16F /* Debug */,
				034618242813FF5F00BCF16F /* Release */,
			);
			defaultConfigurationIsVisible = 0;
			defaultConfigurationName = Release;
		};
/* End XCConfigurationList section */
	};
	rootObject = 034617EA2813FE8000BCF16F /* Project object */;
}
